
Microsoft Visual Studio Solution File, Format Version 12.00
# Visual Studio 15
VisualStudioVersion = 15.0.27004.2006
MinimumVisualStudioVersion = 10.0.40219.1
Project("{FAE04EC0-301F-11D3-BF4B-00C04F79EFBC}") = "LiqPay", "LiqPay\LiqPay.csproj", "{E3E395F7-0DC8-468B-935F-9D084FC9B60C}"
EndProject
Project("{2150E333-8FDC-42A3-9474-1A3956D46DE8}") = "Solution Items", "Solution Items", "{4241FC3C-02E1-4228-96C5-956686425B04}"
	ProjectSection(SolutionItems) = preProject
		LiqPay\.gitignore = LiqPay\.gitignore
	EndProjectSection
EndProject
Global
	GlobalSection(SolutionConfigurationPlatforms) = preSolution
		Debug|Any CPU = Debug|Any CPU
		Release|Any CPU = Release|Any CPU
	EndGlobalSection
	GlobalSection(ProjectConfigurationPlatforms) = postSolution
		{E3E395F7-0DC8-468B-935F-9D084FC9B60C}.Debug|Any CPU.ActiveCfg = Debug|Any CPU
		{E3E395F7-0DC8-468B-935F-9D084FC9B60C}.Debug|Any CPU.Build.0 = Debug|Any CPU
		{E3E395F7-0DC8-468B-935F-9D084FC9B60C}.Release|Any CPU.ActiveCfg = Release|Any CPU
		{E3E395F7-0DC8-468B-935F-9D084FC9B60C}.Release|Any CPU.Build.0 = Release|Any CPU
	EndGlobalSection
	GlobalSection(SolutionProperties) = preSolution
		HideSolutionNode = FALSE
	EndGlobalSection
	GlobalSection(ExtensibilityGlobals) = postSolution
		SolutionGuid = {0A2D172A-4259-4DE0-9608-C8757A6C32EC}
	EndGlobalSection
EndGlobal
